
Microsoft Visual Studio Solution File, Format Version 12.00
# Visual Studio Version 16
VisualStudioVersion = 16.0.32106.194
MinimumVisualStudioVersion = 10.0.40219.1
Project("{FAE04EC0-301F-11D3-BF4B-00C04F79EFBC}") = "anonymous income comparison", "anonymous income comparison\anonymous income comparison.csproj", "{224C41EF-05C8-423B-AD3D-094C530AD11F}"
EndProject
Global
	GlobalSection(SolutionConfigurationPlatforms) = preSolution
		Debug|Any CPU = Debug|Any CPU
		Release|Any CPU = Release|Any CPU
	EndGlobalSection
	GlobalSection(ProjectConfigurationPlatforms) = postSolution
		{224C41EF-05C8-423B-AD3D-094C530AD11F}.Debug|Any CPU.ActiveCfg = Debug|Any CPU
		{224C41EF-05C8-423B-AD3D-094C530AD11F}.Debug|Any CPU.Build.0 = Debug|Any CPU
		{224C41EF-05C8-423B-AD3D-094C530AD11F}.Release|Any CPU.ActiveCfg = Release|Any CPU
		{224C41EF-05C8-423B-AD3D-094C530AD11F}.Release|Any CPU.Build.0 = Release|Any CPU
	EndGlobalSection
	GlobalSection(SolutionProperties) = preSolution
		HideSolutionNode = FALSE
	EndGlobalSection
	GlobalSection(ExtensibilityGlobals) = postSolution
		SolutionGuid = {2B20FA4D-6EA0-4536-9687-62A77E949B89}
	EndGlobalSection
EndGlobal
