
Microsoft Visual Studio Solution File, Format Version 12.00
# Visual Studio Version 16
VisualStudioVersion = 16.0.32106.194
MinimumVisualStudioVersion = 10.0.40219.1
Project("{FAE04EC0-301F-11D3-BF4B-00C04F79EFBC}") = "Arrays", "Arrays\Arrays.csproj", "{2764B5F8-F3FD-4A50-9194-386FD5501025}"
EndProject
Global
	GlobalSection(SolutionConfigurationPlatforms) = preSolution
		Debug|Any CPU = Debug|Any CPU
		Release|Any CPU = Release|Any CPU
	EndGlobalSection
	GlobalSection(ProjectConfigurationPlatforms) = postSolution
		{2764B5F8-F3FD-4A50-9194-386FD5501025}.Debug|Any CPU.ActiveCfg = Debug|Any CPU
		{2764B5F8-F3FD-4A50-9194-386FD5501025}.Debug|Any CPU.Build.0 = Debug|Any CPU
		{2764B5F8-F3FD-4A50-9194-386FD5501025}.Release|Any CPU.ActiveCfg = Release|Any CPU
		{2764B5F8-F3FD-4A50-9194-386FD5501025}.Release|Any CPU.Build.0 = Release|Any CPU
	EndGlobalSection
	GlobalSection(SolutionProperties) = preSolution
		HideSolutionNode = FALSE
	EndGlobalSection
	GlobalSection(ExtensibilityGlobals) = postSolution
		SolutionGuid = {57BFD5CB-87B0-460C-8451-C4EBC3426378}
	EndGlobalSection
EndGlobal
