
Microsoft Visual Studio Solution File, Format Version 12.00
# Visual Studio Version 16
VisualStudioVersion = 16.0.32106.194
MinimumVisualStudioVersion = 10.0.40219.1
Project("{FAE04EC0-301F-11D3-BF4B-00C04F79EFBC}") = "STRINGS", "STRINGS\STRINGS.csproj", "{1B8759E6-D1F6-4D72-9EAC-D946476CF0F9}"
EndProject
Global
	GlobalSection(SolutionConfigurationPlatforms) = preSolution
		Debug|Any CPU = Debug|Any CPU
		Release|Any CPU = Release|Any CPU
	EndGlobalSection
	GlobalSection(ProjectConfigurationPlatforms) = postSolution
		{1B8759E6-D1F6-4D72-9EAC-D946476CF0F9}.Debug|Any CPU.ActiveCfg = Debug|Any CPU
		{1B8759E6-D1F6-4D72-9EAC-D946476CF0F9}.Debug|Any CPU.Build.0 = Debug|Any CPU
		{1B8759E6-D1F6-4D72-9EAC-D946476CF0F9}.Release|Any CPU.ActiveCfg = Release|Any CPU
		{1B8759E6-D1F6-4D72-9EAC-D946476CF0F9}.Release|Any CPU.Build.0 = Release|Any CPU
	EndGlobalSection
	GlobalSection(SolutionProperties) = preSolution
		HideSolutionNode = FALSE
	EndGlobalSection
	GlobalSection(ExtensibilityGlobals) = postSolution
		SolutionGuid = {961B577A-2319-4393-9325-741E1DBB3E51}
	EndGlobalSection
EndGlobal
