
Microsoft Visual Studio Solution File, Format Version 12.00
# Visual Studio Version 16
VisualStudioVersion = 16.0.32106.194
MinimumVisualStudioVersion = 10.0.40219.1
Project("{FAE04EC0-301F-11D3-BF4B-00C04F79EFBC}") = "MAIN METHOD SUBMISSION ASSIGNMENT", "MAIN METHOD SUBMISSION ASSIGNMENT\MAIN METHOD SUBMISSION ASSIGNMENT.csproj", "{71EE7659-BA93-40F9-97FB-9EE2D762F5F7}"
EndProject
Global
	GlobalSection(SolutionConfigurationPlatforms) = preSolution
		Debug|Any CPU = Debug|Any CPU
		Release|Any CPU = Release|Any CPU
	EndGlobalSection
	GlobalSection(ProjectConfigurationPlatforms) = postSolution
		{71EE7659-BA93-40F9-97FB-9EE2D762F5F7}.Debug|Any CPU.ActiveCfg = Debug|Any CPU
		{71EE7659-BA93-40F9-97FB-9EE2D762F5F7}.Debug|Any CPU.Build.0 = Debug|Any CPU
		{71EE7659-BA93-40F9-97FB-9EE2D762F5F7}.Release|Any CPU.ActiveCfg = Release|Any CPU
		{71EE7659-BA93-40F9-97FB-9EE2D762F5F7}.Release|Any CPU.Build.0 = Release|Any CPU
	EndGlobalSection
	GlobalSection(SolutionProperties) = preSolution
		HideSolutionNode = FALSE
	EndGlobalSection
	GlobalSection(ExtensibilityGlobals) = postSolution
		SolutionGuid = {A900D3FA-1D40-47CC-82B1-C729E6AC1A2F}
	EndGlobalSection
EndGlobal
