
Microsoft Visual Studio Solution File, Format Version 12.00
# Visual Studio Version 16
VisualStudioVersion = 16.0.32106.194
MinimumVisualStudioVersion = 10.0.40219.1
Project("{FAE04EC0-301F-11D3-BF4B-00C04F79EFBC}") = "PARSING ENUMS", "PARSING ENUMS\PARSING ENUMS.csproj", "{F538AF87-B866-4C08-904C-D6F4964D63D7}"
EndProject
Global
	GlobalSection(SolutionConfigurationPlatforms) = preSolution
		Debug|Any CPU = Debug|Any CPU
		Release|Any CPU = Release|Any CPU
	EndGlobalSection
	GlobalSection(ProjectConfigurationPlatforms) = postSolution
		{F538AF87-B866-4C08-904C-D6F4964D63D7}.Debug|Any CPU.ActiveCfg = Debug|Any CPU
		{F538AF87-B866-4C08-904C-D6F4964D63D7}.Debug|Any CPU.Build.0 = Debug|Any CPU
		{F538AF87-B866-4C08-904C-D6F4964D63D7}.Release|Any CPU.ActiveCfg = Release|Any CPU
		{F538AF87-B866-4C08-904C-D6F4964D63D7}.Release|Any CPU.Build.0 = Release|Any CPU
	EndGlobalSection
	GlobalSection(SolutionProperties) = preSolution
		HideSolutionNode = FALSE
	EndGlobalSection
	GlobalSection(ExtensibilityGlobals) = postSolution
		SolutionGuid = {7D376096-BCCE-4BE9-B27E-99D2CE3202E8}
	EndGlobalSection
EndGlobal
