
Microsoft Visual Studio Solution File, Format Version 12.00
# Visual Studio Version 16
VisualStudioVersion = 16.0.32106.194
MinimumVisualStudioVersion = 10.0.40219.1
Project("{FAE04EC0-301F-11D3-BF4B-00C04F79EFBC}") = "METHODS AND OBJECTS SUBMISSION ASSIGNMENT1", "METHODS AND OBJECTS SUBMISSION ASSIGNMENT1\METHODS AND OBJECTS SUBMISSION ASSIGNMENT1.csproj", "{83E20864-5DF0-40F3-8E56-C8DB3A4C6F12}"
EndProject
Global
	GlobalSection(SolutionConfigurationPlatforms) = preSolution
		Debug|Any CPU = Debug|Any CPU
		Release|Any CPU = Release|Any CPU
	EndGlobalSection
	GlobalSection(ProjectConfigurationPlatforms) = postSolution
		{83E20864-5DF0-40F3-8E56-C8DB3A4C6F12}.Debug|Any CPU.ActiveCfg = Debug|Any CPU
		{83E20864-5DF0-40F3-8E56-C8DB3A4C6F12}.Debug|Any CPU.Build.0 = Debug|Any CPU
		{83E20864-5DF0-40F3-8E56-C8DB3A4C6F12}.Release|Any CPU.ActiveCfg = Release|Any CPU
		{83E20864-5DF0-40F3-8E56-C8DB3A4C6F12}.Release|Any CPU.Build.0 = Release|Any CPU
	EndGlobalSection
	GlobalSection(SolutionProperties) = preSolution
		HideSolutionNode = FALSE
	EndGlobalSection
	GlobalSection(ExtensibilityGlobals) = postSolution
		SolutionGuid = {4BDD9B6B-799B-44AC-A8C3-D88C9DBA7F94}
	EndGlobalSection
EndGlobal
