
Microsoft Visual Studio Solution File, Format Version 12.00
# Visual Studio Version 16
VisualStudioVersion = 16.0.32106.194
MinimumVisualStudioVersion = 10.0.40219.1
Project("{FAE04EC0-301F-11D3-BF4B-00C04F79EFBC}") = "CLASS SUBMISSION ASSIGNMENT", "CLASS SUBMISSION ASSIGNMENT\CLASS SUBMISSION ASSIGNMENT.csproj", "{8DC8A6FE-8D82-42FC-8294-A2A320641505}"
EndProject
Global
	GlobalSection(SolutionConfigurationPlatforms) = preSolution
		Debug|Any CPU = Debug|Any CPU
		Release|Any CPU = Release|Any CPU
	EndGlobalSection
	GlobalSection(ProjectConfigurationPlatforms) = postSolution
		{8DC8A6FE-8D82-42FC-8294-A2A320641505}.Debug|Any CPU.ActiveCfg = Debug|Any CPU
		{8DC8A6FE-8D82-42FC-8294-A2A320641505}.Debug|Any CPU.Build.0 = Debug|Any CPU
		{8DC8A6FE-8D82-42FC-8294-A2A320641505}.Release|Any CPU.ActiveCfg = Release|Any CPU
		{8DC8A6FE-8D82-42FC-8294-A2A320641505}.Release|Any CPU.Build.0 = Release|Any CPU
	EndGlobalSection
	GlobalSection(SolutionProperties) = preSolution
		HideSolutionNode = FALSE
	EndGlobalSection
	GlobalSection(ExtensibilityGlobals) = postSolution
		SolutionGuid = {3B4BC838-578B-4FB7-A1E9-46D02593AC99}
	EndGlobalSection
EndGlobal
